PODS:
  - Flutter (1.0.0)
  - flutter_keyboard_visibility (0.0.1):
    - Flutter
  - image_picker_ios (0.0.1):
    - Flutter
  - JCore (5.3.1)
  - JPush (6.0.0):
    - JCore (> 5.1.1)
  - jpush_flutter (0.0.2):
    - Flutter
    - JCore (>= 5.2.0)
    - JPush (= 6.0.0)
  - mobile_scanner (7.0.0):
    - Flutter
    - FlutterMacOS
  - package_info_plus (0.4.5):
    - Flutter
  - realm (20.2.0):
    - Flutter
  - share_plus (0.0.1):
    - Flutter
  - shared_preferences_foundation (0.0.1):
    - Flutter
    - FlutterMacOS
  - sqflite_darwin (0.0.4):
    - Flutter
    - FlutterMacOS
  - url_launcher_ios (0.0.1):
    - Flutter
  - webview_flutter_wkwebview (0.0.1):
    - Flutter
    - FlutterMacOS

DEPENDENCIES:
  - Flutter (from `Flutter`)
  - flutter_keyboard_visibility (from `.symlinks/plugins/flutter_keyboard_visibility/ios`)
  - image_picker_ios (from `.symlinks/plugins/image_picker_ios/ios`)
  - jpush_flutter (from `.symlinks/plugins/jpush_flutter/ios`)
  - mobile_scanner (from `.symlinks/plugins/mobile_scanner/darwin`)
  - package_info_plus (from `.symlinks/plugins/package_info_plus/ios`)
  - realm (from `.symlinks/plugins/realm/ios`)
  - share_plus (from `.symlinks/plugins/share_plus/ios`)
  - shared_preferences_foundation (from `.symlinks/plugins/shared_preferences_foundation/darwin`)
  - sqflite_darwin (from `.symlinks/plugins/sqflite_darwin/darwin`)
  - url_launcher_ios (from `.symlinks/plugins/url_launcher_ios/ios`)
  - webview_flutter_wkwebview (from `.symlinks/plugins/webview_flutter_wkwebview/darwin`)

SPEC REPOS:
  trunk:
    - JCore
    - JPush

EXTERNAL SOURCES:
  Flutter:
    :path: Flutter
  flutter_keyboard_visibility:
    :path: ".symlinks/plugins/flutter_keyboard_visibility/ios"
  image_picker_ios:
    :path: ".symlinks/plugins/image_picker_ios/ios"
  jpush_flutter:
    :path: ".symlinks/plugins/jpush_flutter/ios"
  mobile_scanner:
    :path: ".symlinks/plugins/mobile_scanner/darwin"
  package_info_plus:
    :path: ".symlinks/plugins/package_info_plus/ios"
  realm:
    :path: ".symlinks/plugins/realm/ios"
  share_plus:
    :path: ".symlinks/plugins/share_plus/ios"
  shared_preferences_foundation:
    :path: ".symlinks/plugins/shared_preferences_foundation/darwin"
  sqflite_darwin:
    :path: ".symlinks/plugins/sqflite_darwin/darwin"
  url_launcher_ios:
    :path: ".symlinks/plugins/url_launcher_ios/ios"
  webview_flutter_wkwebview:
    :path: ".symlinks/plugins/webview_flutter_wkwebview/darwin"

SPEC CHECKSUMS:
  Flutter: cabc95a1d2626b1b06e7179b784ebcf0c0cde467
  flutter_keyboard_visibility: 0339d06371254c3eb25eeb90ba8d17dca8f9c069
  image_picker_ios: 4f2f91b01abdb52842a8e277617df877e40f905b
  JCore: 3814e38743361bcff5ee86b9f2e417a4b4cbf8ed
  JPush: 17d6da90e9354860ab7ef9f104e0cd4331ecec95
  jpush_flutter: bb0457972fdded195da4b6aec0003b6cc30c978b
  mobile_scanner: 77265f3dc8d580810e91849d4a0811a90467ed5e
  package_info_plus: c0502532a26c7662a62a356cebe2692ec5fe4ec4
  realm: 333c5f1c81ae50912c7f7d7763050275fbfe9e50
  share_plus: 8b6f8b3447e494cca5317c8c3073de39b3600d1f
  shared_preferences_foundation: 5086985c1d43c5ba4d5e69a4e8083a389e2909e6
  sqflite_darwin: 5a7236e3b501866c1c9befc6771dfd73ffb8702d
  url_launcher_ios: bb13df5870e8c4234ca12609d04010a21be43dfa
  webview_flutter_wkwebview: 29eb20d43355b48fe7d07113835b9128f84e3af4

PODFILE CHECKSUM: 3c63482e143d1b91d2d2560aee9fb04ecc74ac7e

COCOAPODS: 1.16.2
